
Microsoft Visual Studio Solution File, Format Version 12.00
# Visual Studio Version 17
VisualStudioVersion = 17.2.32630.192
MinimumVisualStudioVersion = 10.0.40219.1
Project("{9A19103F-16F7-4668-BE54-9A1E7A4F7556}") = "Antra.CustomerCRM.WebAppMVC", "Antra.CustomerCRM.WebAppMVC\Antra.CustomerCRM.WebAppMVC.csproj", "{63349183-C3F8-4ED8-98FE-81AC3F95E5D0}"
EndProject
Project("{FAE04EC0-301F-11D3-BF4B-00C04F79EFBC}") = "CustomerCrm.Core", "CustomerCRM.Core\CustomerCrm.Core.csproj", "{13632B0E-DCDE-4439-96E7-63ED545546FA}"
EndProject
Project("{FAE04EC0-301F-11D3-BF4B-00C04F79EFBC}") = "CustomerCrm.Infrastructure", "CustomerCRM.Infrastructure\CustomerCrm.Infrastructure.csproj", "{E0E31918-FEBD-4360-B9C5-EFCF69B361E9}"
EndProject
Global
	GlobalSection(SolutionConfigurationPlatforms) = preSolution
		Debug|Any CPU = Debug|Any CPU
		Release|Any CPU = Release|Any CPU
	EndGlobalSection
	GlobalSection(ProjectConfigurationPlatforms) = postSolution
		{63349183-C3F8-4ED8-98FE-81AC3F95E5D0}.Debug|Any CPU.ActiveCfg = Debug|Any CPU
		{63349183-C3F8-4ED8-98FE-81AC3F95E5D0}.Debug|Any CPU.Build.0 = Debug|Any CPU
		{63349183-C3F8-4ED8-98FE-81AC3F95E5D0}.Release|Any CPU.ActiveCfg = Release|Any CPU
		{63349183-C3F8-4ED8-98FE-81AC3F95E5D0}.Release|Any CPU.Build.0 = Release|Any CPU
		{13632B0E-DCDE-4439-96E7-63ED545546FA}.Debug|Any CPU.ActiveCfg = Debug|Any CPU
		{13632B0E-DCDE-4439-96E7-63ED545546FA}.Debug|Any CPU.Build.0 = Debug|Any CPU
		{13632B0E-DCDE-4439-96E7-63ED545546FA}.Release|Any CPU.ActiveCfg = Release|Any CPU
		{13632B0E-DCDE-4439-96E7-63ED545546FA}.Release|Any CPU.Build.0 = Release|Any CPU
		{E0E31918-FEBD-4360-B9C5-EFCF69B361E9}.Debug|Any CPU.ActiveCfg = Debug|Any CPU
		{E0E31918-FEBD-4360-B9C5-EFCF69B361E9}.Debug|Any CPU.Build.0 = Debug|Any CPU
		{E0E31918-FEBD-4360-B9C5-EFCF69B361E9}.Release|Any CPU.ActiveCfg = Release|Any CPU
		{E0E31918-FEBD-4360-B9C5-EFCF69B361E9}.Release|Any CPU.Build.0 = Release|Any CPU
	EndGlobalSection
	GlobalSection(SolutionProperties) = preSolution
		HideSolutionNode = FALSE
	EndGlobalSection
	GlobalSection(ExtensibilityGlobals) = postSolution
		SolutionGuid = {476681B3-9002-484F-8092-9547FD35867C}
	EndGlobalSection
EndGlobal
